
Microsoft Visual Studio Solution File, Format Version 12.00
# Visual Studio 15
VisualStudioVersion = 15.0.28010.2036
MinimumVisualStudioVersion = 10.0.40219.1
Project("{FAE04EC0-301F-11D3-BF4B-00C04F79EFBC}") = "Lr_4", "Lr_4\Lr_4.csproj", "{651D5FA7-053F-4A5D-A3D1-51F22132AE41}"
EndProject
Global
	GlobalSection(SolutionConfigurationPlatforms) = preSolution
		Debug|Any CPU = Debug|Any CPU
		Release|Any CPU = Release|Any CPU
	EndGlobalSection
	GlobalSection(ProjectConfigurationPlatforms) = postSolution
		{651D5FA7-053F-4A5D-A3D1-51F22132AE41}.Debug|Any CPU.ActiveCfg = Debug|Any CPU
		{651D5FA7-053F-4A5D-A3D1-51F22132AE41}.Debug|Any CPU.Build.0 = Debug|Any CPU
		{651D5FA7-053F-4A5D-A3D1-51F22132AE41}.Release|Any CPU.ActiveCfg = Release|Any CPU
		{651D5FA7-053F-4A5D-A3D1-51F22132AE41}.Release|Any CPU.Build.0 = Release|Any CPU
	EndGlobalSection
	GlobalSection(SolutionProperties) = preSolution
		HideSolutionNode = FALSE
	EndGlobalSection
	GlobalSection(ExtensibilityGlobals) = postSolution
		SolutionGuid = {0E673384-F55B-4ACA-95E6-A2ECF7F68BB7}
	EndGlobalSection
EndGlobal
